
Microsoft Visual Studio Solution File, Format Version 12.00
# Visual Studio Version 16
VisualStudioVersion = 16.0.29709.97
MinimumVisualStudioVersion = 10.0.40219.1
Project("{FAE04EC0-301F-11D3-BF4B-00C04F79EFBC}") = "Exceptions", "Exceptions\Exceptions.csproj", "{6479B566-A9BC-432C-AC94-A661F1C36DA3}"
EndProject
Project("{FAE04EC0-301F-11D3-BF4B-00C04F79EFBC}") = "Calculator", "Calculator\Calculator.csproj", "{14DC87E5-197E-454E-8040-5604B85D48CC}"
EndProject
Global
	GlobalSection(SolutionConfigurationPlatforms) = preSolution
		Debug|Any CPU = Debug|Any CPU
		Release|Any CPU = Release|Any CPU
	EndGlobalSection
	GlobalSection(ProjectConfigurationPlatforms) = postSolution
		{6479B566-A9BC-432C-AC94-A661F1C36DA3}.Debug|Any CPU.ActiveCfg = Debug|Any CPU
		{6479B566-A9BC-432C-AC94-A661F1C36DA3}.Debug|Any CPU.Build.0 = Debug|Any CPU
		{6479B566-A9BC-432C-AC94-A661F1C36DA3}.Release|Any CPU.ActiveCfg = Release|Any CPU
		{6479B566-A9BC-432C-AC94-A661F1C36DA3}.Release|Any CPU.Build.0 = Release|Any CPU
		{14DC87E5-197E-454E-8040-5604B85D48CC}.Debug|Any CPU.ActiveCfg = Debug|Any CPU
		{14DC87E5-197E-454E-8040-5604B85D48CC}.Debug|Any CPU.Build.0 = Debug|Any CPU
		{14DC87E5-197E-454E-8040-5604B85D48CC}.Release|Any CPU.ActiveCfg = Release|Any CPU
		{14DC87E5-197E-454E-8040-5604B85D48CC}.Release|Any CPU.Build.0 = Release|Any CPU
	EndGlobalSection
	GlobalSection(SolutionProperties) = preSolution
		HideSolutionNode = FALSE
	EndGlobalSection
	GlobalSection(ExtensibilityGlobals) = postSolution
		SolutionGuid = {BF51BC52-E41B-4ECE-9299-C05BDB857B87}
	EndGlobalSection
EndGlobal
